
Microsoft Visual Studio Solution File, Format Version 12.00
# Visual Studio Version 16
VisualStudioVersion = 16.0.31702.278
MinimumVisualStudioVersion = 10.0.40219.1
Project("{FAE04EC0-301F-11D3-BF4B-00C04F79EFBC}") = "trinityScreening", "trinityScreening.csproj", "{B5D3A8C3-3605-447F-875B-CBFCFB2B618C}"
EndProject
Global
	GlobalSection(SolutionConfigurationPlatforms) = preSolution
		Debug|Any CPU = Debug|Any CPU
		Release|Any CPU = Release|Any CPU
	EndGlobalSection
	GlobalSection(ProjectConfigurationPlatforms) = postSolution
		{B5D3A8C3-3605-447F-875B-CBFCFB2B618C}.Debug|Any CPU.ActiveCfg = Debug|Any CPU
		{B5D3A8C3-3605-447F-875B-CBFCFB2B618C}.Debug|Any CPU.Build.0 = Debug|Any CPU
		{B5D3A8C3-3605-447F-875B-CBFCFB2B618C}.Release|Any CPU.ActiveCfg = Release|Any CPU
		{B5D3A8C3-3605-447F-875B-CBFCFB2B618C}.Release|Any CPU.Build.0 = Release|Any CPU
	EndGlobalSection
	GlobalSection(SolutionProperties) = preSolution
		HideSolutionNode = FALSE
	EndGlobalSection
	GlobalSection(ExtensibilityGlobals) = postSolution
		SolutionGuid = {257C7922-299F-41E1-9A62-4685C00D9C68}
	EndGlobalSection
EndGlobal
